
Microsoft Visual Studio Solution File, Format Version 12.00
# Visual Studio Version 16
VisualStudioVersion = 16.0.31727.386
MinimumVisualStudioVersion = 10.0.40219.1
Project("{FAE04EC0-301F-11D3-BF4B-00C04F79EFBC}") = "ChildSafe", "ChildSafe\ChildSafe.csproj", "{59FD0073-88F8-43EC-9CC6-F07E6F647C89}"
EndProject
Project("{54435603-DBB4-11D2-8724-00A0C9A8B90C}") = "ChildSafe_Setup", "ChildSafe_Setup\ChildSafe_Setup.vdproj", "{8BA2B494-DA68-4D3D-ADFE-A93606A8086B}"
EndProject
Global
	GlobalSection(SolutionConfigurationPlatforms) = preSolution
		Debug|Any CPU = Debug|Any CPU
		Release|Any CPU = Release|Any CPU
	EndGlobalSection
	GlobalSection(ProjectConfigurationPlatforms) = postSolution
		{59FD0073-88F8-43EC-9CC6-F07E6F647C89}.Debug|Any CPU.ActiveCfg = Debug|Any CPU
		{59FD0073-88F8-43EC-9CC6-F07E6F647C89}.Debug|Any CPU.Build.0 = Debug|Any CPU
		{59FD0073-88F8-43EC-9CC6-F07E6F647C89}.Release|Any CPU.ActiveCfg = Release|Any CPU
		{59FD0073-88F8-43EC-9CC6-F07E6F647C89}.Release|Any CPU.Build.0 = Release|Any CPU
		{8BA2B494-DA68-4D3D-ADFE-A93606A8086B}.Debug|Any CPU.ActiveCfg = Debug
		{8BA2B494-DA68-4D3D-ADFE-A93606A8086B}.Release|Any CPU.ActiveCfg = Release
	EndGlobalSection
	GlobalSection(SolutionProperties) = preSolution
		HideSolutionNode = FALSE
	EndGlobalSection
	GlobalSection(ExtensibilityGlobals) = postSolution
		SolutionGuid = {4D92F5A4-22D9-44AD-949C-9C8983D60103}
	EndGlobalSection
EndGlobal
