
Microsoft Visual Studio Solution File, Format Version 12.00
# Visual Studio Version 17
VisualStudioVersion = 17.0.32112.339
MinimumVisualStudioVersion = 10.0.40219.1
Project("{FAE04EC0-301F-11D3-BF4B-00C04F79EFBC}") = "ChildSafe", "ChildSafe\ChildSafe.csproj", "{59FD0073-88F8-43EC-9CC6-F07E6F647C89}"
EndProject
Project("{54435603-DBB4-11D2-8724-00A0C9A8B90C}") = "ChildSafe_Setup", "ChildSafe_Setup\ChildSafe_Setup.vdproj", "{8BA2B494-DA68-4D3D-ADFE-A93606A8086B}"
EndProject
Project("{FAE04EC0-301F-11D3-BF4B-00C04F79EFBC}") = "ChildSafeUpdater", "ChildSafeUpdater\ChildSafeUpdater.csproj", "{A0686A46-AC94-409D-9B20-E12BD1BDFF0F}"
EndProject
Project("{54435603-DBB4-11D2-8724-00A0C9A8B90C}") = "ChildSafe_Installer", "ChildSafe_Installer\ChildSafe_Installer.vdproj", "{25223631-1E52-4FA6-9274-599A2E1EE16F}"
EndProject
Global
	GlobalSection(SolutionConfigurationPlatforms) = preSolution
		Debug|Any CPU = Debug|Any CPU
		Debug|x64 = Debug|x64
		Debug|x86 = Debug|x86
		Release|Any CPU = Release|Any CPU
		Release|x64 = Release|x64
		Release|x86 = Release|x86
	EndGlobalSection
	GlobalSection(ProjectConfigurationPlatforms) = postSolution
		{59FD0073-88F8-43EC-9CC6-F07E6F647C89}.Debug|Any CPU.ActiveCfg = Debug|Any CPU
		{59FD0073-88F8-43EC-9CC6-F07E6F647C89}.Debug|Any CPU.Build.0 = Debug|Any CPU
		{59FD0073-88F8-43EC-9CC6-F07E6F647C89}.Debug|x64.ActiveCfg = Debug|x64
		{59FD0073-88F8-43EC-9CC6-F07E6F647C89}.Debug|x64.Build.0 = Debug|x64
		{59FD0073-88F8-43EC-9CC6-F07E6F647C89}.Debug|x86.ActiveCfg = Debug|x86
		{59FD0073-88F8-43EC-9CC6-F07E6F647C89}.Debug|x86.Build.0 = Debug|x86
		{59FD0073-88F8-43EC-9CC6-F07E6F647C89}.Release|Any CPU.ActiveCfg = Release|Any CPU
		{59FD0073-88F8-43EC-9CC6-F07E6F647C89}.Release|Any CPU.Build.0 = Release|Any CPU
		{59FD0073-88F8-43EC-9CC6-F07E6F647C89}.Release|x64.ActiveCfg = Release|x64
		{59FD0073-88F8-43EC-9CC6-F07E6F647C89}.Release|x64.Build.0 = Release|x64
		{59FD0073-88F8-43EC-9CC6-F07E6F647C89}.Release|x86.ActiveCfg = Release|x86
		{59FD0073-88F8-43EC-9CC6-F07E6F647C89}.Release|x86.Build.0 = Release|x86
		{8BA2B494-DA68-4D3D-ADFE-A93606A8086B}.Debug|Any CPU.ActiveCfg = Debug
		{8BA2B494-DA68-4D3D-ADFE-A93606A8086B}.Debug|x64.ActiveCfg = Debug
		{8BA2B494-DA68-4D3D-ADFE-A93606A8086B}.Debug|x86.ActiveCfg = Debug
		{8BA2B494-DA68-4D3D-ADFE-A93606A8086B}.Release|Any CPU.ActiveCfg = Release
		{8BA2B494-DA68-4D3D-ADFE-A93606A8086B}.Release|x64.ActiveCfg = Release
		{8BA2B494-DA68-4D3D-ADFE-A93606A8086B}.Release|x86.ActiveCfg = Release
		{A0686A46-AC94-409D-9B20-E12BD1BDFF0F}.Debug|Any CPU.ActiveCfg = Debug|Any CPU
		{A0686A46-AC94-409D-9B20-E12BD1BDFF0F}.Debug|Any CPU.Build.0 = Debug|Any CPU
		{A0686A46-AC94-409D-9B20-E12BD1BDFF0F}.Debug|x64.ActiveCfg = Debug|x64
		{A0686A46-AC94-409D-9B20-E12BD1BDFF0F}.Debug|x64.Build.0 = Debug|x64
		{A0686A46-AC94-409D-9B20-E12BD1BDFF0F}.Debug|x86.ActiveCfg = Debug|x86
		{A0686A46-AC94-409D-9B20-E12BD1BDFF0F}.Debug|x86.Build.0 = Debug|x86
		{A0686A46-AC94-409D-9B20-E12BD1BDFF0F}.Release|Any CPU.ActiveCfg = Release|Any CPU
		{A0686A46-AC94-409D-9B20-E12BD1BDFF0F}.Release|Any CPU.Build.0 = Release|Any CPU
		{A0686A46-AC94-409D-9B20-E12BD1BDFF0F}.Release|x64.ActiveCfg = Release|x64
		{A0686A46-AC94-409D-9B20-E12BD1BDFF0F}.Release|x64.Build.0 = Release|x64
		{A0686A46-AC94-409D-9B20-E12BD1BDFF0F}.Release|x86.ActiveCfg = Release|x86
		{A0686A46-AC94-409D-9B20-E12BD1BDFF0F}.Release|x86.Build.0 = Release|x86
		{25223631-1E52-4FA6-9274-599A2E1EE16F}.Debug|Any CPU.ActiveCfg = Debug
		{25223631-1E52-4FA6-9274-599A2E1EE16F}.Debug|x64.ActiveCfg = Debug
		{25223631-1E52-4FA6-9274-599A2E1EE16F}.Debug|x64.Build.0 = Debug
		{25223631-1E52-4FA6-9274-599A2E1EE16F}.Debug|x86.ActiveCfg = Debug
		{25223631-1E52-4FA6-9274-599A2E1EE16F}.Debug|x86.Build.0 = Debug
		{25223631-1E52-4FA6-9274-599A2E1EE16F}.Release|Any CPU.ActiveCfg = Release
		{25223631-1E52-4FA6-9274-599A2E1EE16F}.Release|x64.ActiveCfg = Release
		{25223631-1E52-4FA6-9274-599A2E1EE16F}.Release|x64.Build.0 = Release
		{25223631-1E52-4FA6-9274-599A2E1EE16F}.Release|x86.ActiveCfg = Release
		{25223631-1E52-4FA6-9274-599A2E1EE16F}.Release|x86.Build.0 = Release
	EndGlobalSection
	GlobalSection(SolutionProperties) = preSolution
		HideSolutionNode = FALSE
	EndGlobalSection
	GlobalSection(ExtensibilityGlobals) = postSolution
		SolutionGuid = {4D92F5A4-22D9-44AD-949C-9C8983D60103}
	EndGlobalSection
EndGlobal
